
Microsoft Visual Studio Solution File, Format Version 12.00
# Visual Studio Version 17
VisualStudioVersion = 17.0.32112.339
MinimumVisualStudioVersion = 10.0.40219.1
Project("{FAE04EC0-301F-11D3-BF4B-00C04F79EFBC}") = "practice_11-12", "practice_11-12\practice_11-12.csproj", "{BBBA1C9E-6A2F-4623-849E-B1DFCB4FE20B}"
EndProject
Global
	GlobalSection(SolutionConfigurationPlatforms) = preSolution
		Debug|Any CPU = Debug|Any CPU
		Release|Any CPU = Release|Any CPU
	EndGlobalSection
	GlobalSection(ProjectConfigurationPlatforms) = postSolution
		{BBBA1C9E-6A2F-4623-849E-B1DFCB4FE20B}.Debug|Any CPU.ActiveCfg = Debug|Any CPU
		{BBBA1C9E-6A2F-4623-849E-B1DFCB4FE20B}.Debug|Any CPU.Build.0 = Debug|Any CPU
		{BBBA1C9E-6A2F-4623-849E-B1DFCB4FE20B}.Release|Any CPU.ActiveCfg = Release|Any CPU
		{BBBA1C9E-6A2F-4623-849E-B1DFCB4FE20B}.Release|Any CPU.Build.0 = Release|Any CPU
	EndGlobalSection
	GlobalSection(SolutionProperties) = preSolution
		HideSolutionNode = FALSE
	EndGlobalSection
	GlobalSection(ExtensibilityGlobals) = postSolution
		SolutionGuid = {EC141BB8-1D51-41C5-B0F4-EF66CF5C9506}
	EndGlobalSection
EndGlobal
