
Microsoft Visual Studio Solution File, Format Version 12.00
# Visual Studio Version 17
VisualStudioVersion = 17.0.32112.339
MinimumVisualStudioVersion = 10.0.40219.1
Project("{9A19103F-16F7-4668-BE54-9A1E7A4F7556}") = "practice_3", "practice_3\practice_3.csproj", "{E2F11BFA-FB4D-490C-A301-B168C26F64C6}"
EndProject
Project("{FAE04EC0-301F-11D3-BF4B-00C04F79EFBC}") = "practice_3.2", "practice_3.2\practice_3.2.csproj", "{10CFB21D-C730-4CE2-8459-B3666DFA7F92}"
EndProject
Global
	GlobalSection(SolutionConfigurationPlatforms) = preSolution
		Debug|Any CPU = Debug|Any CPU
		Release|Any CPU = Release|Any CPU
	EndGlobalSection
	GlobalSection(ProjectConfigurationPlatforms) = postSolution
		{E2F11BFA-FB4D-490C-A301-B168C26F64C6}.Debug|Any CPU.ActiveCfg = Debug|Any CPU
		{E2F11BFA-FB4D-490C-A301-B168C26F64C6}.Debug|Any CPU.Build.0 = Debug|Any CPU
		{E2F11BFA-FB4D-490C-A301-B168C26F64C6}.Release|Any CPU.ActiveCfg = Release|Any CPU
		{E2F11BFA-FB4D-490C-A301-B168C26F64C6}.Release|Any CPU.Build.0 = Release|Any CPU
		{10CFB21D-C730-4CE2-8459-B3666DFA7F92}.Debug|Any CPU.ActiveCfg = Debug|Any CPU
		{10CFB21D-C730-4CE2-8459-B3666DFA7F92}.Debug|Any CPU.Build.0 = Debug|Any CPU
		{10CFB21D-C730-4CE2-8459-B3666DFA7F92}.Release|Any CPU.ActiveCfg = Release|Any CPU
		{10CFB21D-C730-4CE2-8459-B3666DFA7F92}.Release|Any CPU.Build.0 = Release|Any CPU
	EndGlobalSection
	GlobalSection(SolutionProperties) = preSolution
		HideSolutionNode = FALSE
	EndGlobalSection
	GlobalSection(ExtensibilityGlobals) = postSolution
		SolutionGuid = {2039FD58-0CC7-4E32-A55B-9E57D7881C8B}
	EndGlobalSection
EndGlobal
