
Microsoft Visual Studio Solution File, Format Version 12.00
# Visual Studio Version 17
VisualStudioVersion = 17.0.32112.339
MinimumVisualStudioVersion = 10.0.40219.1
Project("{FAE04EC0-301F-11D3-BF4B-00C04F79EFBC}") = "practice_13-14", "practice_13-14\practice_13-14.csproj", "{6A702607-3FDC-4FFE-8F9D-C0638C3CAF8E}"
EndProject
Global
	GlobalSection(SolutionConfigurationPlatforms) = preSolution
		Debug|Any CPU = Debug|Any CPU
		Release|Any CPU = Release|Any CPU
	EndGlobalSection
	GlobalSection(ProjectConfigurationPlatforms) = postSolution
		{6A702607-3FDC-4FFE-8F9D-C0638C3CAF8E}.Debug|Any CPU.ActiveCfg = Debug|Any CPU
		{6A702607-3FDC-4FFE-8F9D-C0638C3CAF8E}.Debug|Any CPU.Build.0 = Debug|Any CPU
		{6A702607-3FDC-4FFE-8F9D-C0638C3CAF8E}.Release|Any CPU.ActiveCfg = Release|Any CPU
		{6A702607-3FDC-4FFE-8F9D-C0638C3CAF8E}.Release|Any CPU.Build.0 = Release|Any CPU
	EndGlobalSection
	GlobalSection(SolutionProperties) = preSolution
		HideSolutionNode = FALSE
	EndGlobalSection
	GlobalSection(ExtensibilityGlobals) = postSolution
		SolutionGuid = {71517E86-4303-457A-9E79-9192F8F79B84}
	EndGlobalSection
EndGlobal
